
Microsoft Visual Studio Solution File, Format Version 12.00
# Visual Studio Version 16
VisualStudioVersion = 16.0.31112.23
MinimumVisualStudioVersion = 10.0.40219.1
Project("{FAE04EC0-301F-11D3-BF4B-00C04F79EFBC}") = "ig keker", "ig keker.csproj", "{5E62B253-832E-4DA3-AD7B-DAAB3A75CCAC}"
EndProject
Global
	GlobalSection(SolutionConfigurationPlatforms) = preSolution
		Debug|Any CPU = Debug|Any CPU
		Release|Any CPU = Release|Any CPU
	EndGlobalSection
	GlobalSection(ProjectConfigurationPlatforms) = postSolution
		{5E62B253-832E-4DA3-AD7B-DAAB3A75CCAC}.Debug|Any CPU.ActiveCfg = Debug|Any CPU
		{5E62B253-832E-4DA3-AD7B-DAAB3A75CCAC}.Debug|Any CPU.Build.0 = Debug|Any CPU
		{5E62B253-832E-4DA3-AD7B-DAAB3A75CCAC}.Release|Any CPU.ActiveCfg = Release|Any CPU
		{5E62B253-832E-4DA3-AD7B-DAAB3A75CCAC}.Release|Any CPU.Build.0 = Release|Any CPU
	EndGlobalSection
	GlobalSection(SolutionProperties) = preSolution
		HideSolutionNode = FALSE
	EndGlobalSection
	GlobalSection(ExtensibilityGlobals) = postSolution
		SolutionGuid = {567EF07F-33B1-4DDB-AC26-9CA7911BD82B}
	EndGlobalSection
EndGlobal
